<?xml version="1.0" encoding="utf-8"?>
<Project ToolsVersion="4.0" xmlns="http://schemas.microsoft.com/developer/msbuild/2003">
  <ItemGroup>
    <Filter Include="Source Files">
      <UniqueIdentifier>{4FC737F1-C7A5-4376-A066-2A32D752A2FF}</UniqueIdentifier>
      <Extensions>cpp;c;cc;cxx;def;odl;idl;hpj;bat;asm;asmx</Extensions>
    </Filter>
    <Filter Include="Source Files\time">
      <UniqueIdentifier>{c746f6f5-8892-4c8d-b1a5-9328c14971e9}</UniqueIdentifier>
    </Filter>
    <Filter Include="Source Files\.lib">
      <UniqueIdentifier>{2ce1319c-fe67-452c-a058-32590e346acb}</UniqueIdentifier>
    </Filter>
    <Filter Include="Source Files\engine">
      <UniqueIdentifier>{bc39d910-6912-432d-84b3-428d7608284a}</UniqueIdentifier>
    </Filter>
    <Filter Include="Source Files\interfaces">
      <UniqueIdentifier>{c4bb1df6-0717-491e-8d26-253274cadbb9}</UniqueIdentifier>
    </Filter>
    <Filter Include="Source Files\math">
      <UniqueIdentifier>{732a7218-be49-426c-949c-6367749133ae}</UniqueIdentifier>
    </Filter>
    <Filter Include="Source Files\math\vec">
      <UniqueIdentifier>{a7a90b53-7c5c-42d6-b1bf-d1b85d92436e}</UniqueIdentifier>
    </Filter>
    <Filter Include="Source Files\assignment">
      <UniqueIdentifier>{ce07d6a1-6db5-438d-b28b-c7b716a6708f}</UniqueIdentifier>
    </Filter>
    <Filter Include="Source Files\ecs">
      <UniqueIdentifier>{acba6a3c-15b3-4f28-b672-93759ff00211}</UniqueIdentifier>
    </Filter>
    <Filter Include="Source Files\ecs\1 entity_manager">
      <UniqueIdentifier>{474e53b0-147a-47fd-9585-fdff78470ea9}</UniqueIdentifier>
    </Filter>
    <Filter Include="Source Files\ecs\2 component_manager">
      <UniqueIdentifier>{bae91f8f-4a22-4a45-aa89-cf5733b57b09}</UniqueIdentifier>
    </Filter>
    <Filter Include="Source Files\ecs\3 system_manager">
      <UniqueIdentifier>{97b9a7ec-6afa-4236-8ac4-1a573da4b6f1}</UniqueIdentifier>
    </Filter>
    <Filter Include="Source Files\ecs\2 component_manager\juggler">
      <UniqueIdentifier>{b8924fe1-bab9-4c06-b19b-fa4df4406b3b}</UniqueIdentifier>
    </Filter>
    <Filter Include="Source Files\ecs\5 components">
      <UniqueIdentifier>{237f1a5b-1be0-443a-bb5a-14ab73660ce0}</UniqueIdentifier>
    </Filter>
    <Filter Include="Source Files\ecs\4 entities">
      <UniqueIdentifier>{dfe5c806-e416-45a2-912f-46f64d41ffdb}</UniqueIdentifier>
    </Filter>
    <Filter Include="Source Files\ecs\7 interfaces">
      <UniqueIdentifier>{b0693433-dd73-4154-bb60-60c88550f422}</UniqueIdentifier>
    </Filter>
    <Filter Include="Source Files\ecs\6 systems">
      <UniqueIdentifier>{c01111a3-ab6a-42aa-83ec-acdc824f6232}</UniqueIdentifier>
    </Filter>
    <Filter Include="Source Files\ecs\6 systems\physics">
      <UniqueIdentifier>{0914cc0f-c899-4a98-88b8-4e660c2d4d70}</UniqueIdentifier>
    </Filter>
    <Filter Include="Source Files\ecs\6 systems\renderer">
      <UniqueIdentifier>{f8d2d1ce-fdb9-4b2e-a8a0-68ead4e6245c}</UniqueIdentifier>
    </Filter>
    <Filter Include="Source Files\math\pi">
      <UniqueIdentifier>{1211317a-6f52-4335-aeb6-a0b7e0eb66d9}</UniqueIdentifier>
    </Filter>
  </ItemGroup>
  <ItemGroup>
    <ClCompile Include="core.cpp">
      <Filter>Source Files\.lib</Filter>
    </ClCompile>
    <ClCompile Include="font.cpp">
      <Filter>Source Files\.lib</Filter>
    </ClCompile>
    <ClCompile Include="lodepng.cpp">
      <Filter>Source Files\.lib</Filter>
    </ClCompile>
    <ClCompile Include="sys_win.cpp">
      <Filter>Source Files\.lib</Filter>
    </ClCompile>
    <ClCompile Include="main.cpp" />
    <ClCompile Include="stasis.cpp">
      <Filter>Source Files\time</Filter>
    </ClCompile>
    <ClCompile Include="engine.cpp">
      <Filter>Source Files\engine</Filter>
    </ClCompile>
    <ClCompile Include="vec.cpp">
      <Filter>Source Files\math\vec</Filter>
    </ClCompile>
    <ClCompile Include="ass_03.cpp">
      <Filter>Source Files\assignment</Filter>
    </ClCompile>
    <ClCompile Include="sys_physics.cpp">
      <Filter>Source Files\ecs\6 systems\physics</Filter>
    </ClCompile>
    <ClCompile Include="entity_manager.cpp">
      <Filter>Source Files\ecs\1 entity_manager</Filter>
    </ClCompile>
    <ClCompile Include="component_manager.cpp">
      <Filter>Source Files\ecs\2 component_manager</Filter>
    </ClCompile>
    <ClCompile Include="system_manager.cpp">
      <Filter>Source Files\ecs\3 system_manager</Filter>
    </ClCompile>
    <ClCompile Include="ecs_manager.cpp">
      <Filter>Source Files\ecs</Filter>
    </ClCompile>
    <ClCompile Include="sys_renderer.cpp">
      <Filter>Source Files\ecs\6 systems\renderer</Filter>
    </ClCompile>
    <ClCompile Include="pi.cpp">
      <Filter>Source Files\math\pi</Filter>
    </ClCompile>
    <ClCompile Include="vector2d.cpp">
      <Filter>Source Files\.lib</Filter>
    </ClCompile>
    <ClCompile Include="engine_render.cpp">
      <Filter>Source Files\engine</Filter>
    </ClCompile>
    <ClCompile Include="engine_game.cpp">
      <Filter>Source Files\engine</Filter>
    </ClCompile>
    <ClCompile Include="engine_input.cpp">
      <Filter>Source Files\engine</Filter>
    </ClCompile>
  </ItemGroup>
  <ItemGroup>
    <ClInclude Include="core.h">
      <Filter>Source Files\.lib</Filter>
    </ClInclude>
    <ClInclude Include="font.h">
      <Filter>Source Files\.lib</Filter>
    </ClInclude>
    <ClInclude Include="lodepng.h">
      <Filter>Source Files\.lib</Filter>
    </ClInclude>
    <ClInclude Include="stdafx.h">
      <Filter>Source Files\.lib</Filter>
    </ClInclude>
    <ClInclude Include="sys.h">
      <Filter>Source Files\.lib</Filter>
    </ClInclude>
    <ClInclude Include="stasis.h">
      <Filter>Source Files\time</Filter>
    </ClInclude>
    <ClInclude Include="engine.h">
      <Filter>Source Files\engine</Filter>
    </ClInclude>
    <ClInclude Include="gameobject.h">
      <Filter>Source Files\interfaces</Filter>
    </ClInclude>
    <ClInclude Include="vec.h">
      <Filter>Source Files\math\vec</Filter>
    </ClInclude>
    <ClInclude Include="ass_03.h">
      <Filter>Source Files\assignment</Filter>
    </ClInclude>
    <ClInclude Include="transform_2d.h">
      <Filter>Source Files\ecs\5 components</Filter>
    </ClInclude>
    <ClInclude Include="sprite_renderer.h">
      <Filter>Source Files\ecs\5 components</Filter>
    </ClInclude>
    <ClInclude Include="circle_collider.h">
      <Filter>Source Files\ecs\5 components</Filter>
    </ClInclude>
    <ClInclude Include="rigidbody_2d.h">
      <Filter>Source Files\ecs\5 components</Filter>
    </ClInclude>
    <ClInclude Include="sys_physics.h">
      <Filter>Source Files\ecs\6 systems\physics</Filter>
    </ClInclude>
    <ClInclude Include="entity_manager.h">
      <Filter>Source Files\ecs\1 entity_manager</Filter>
    </ClInclude>
    <ClInclude Include="juggler.h">
      <Filter>Source Files\ecs\2 component_manager\juggler</Filter>
    </ClInclude>
    <ClInclude Include="component_manager.h">
      <Filter>Source Files\ecs\2 component_manager</Filter>
    </ClInclude>
    <ClInclude Include="system_manager.h">
      <Filter>Source Files\ecs\3 system_manager</Filter>
    </ClInclude>
    <ClInclude Include="ecs_manager.h">
      <Filter>Source Files\ecs</Filter>
    </ClInclude>
    <ClInclude Include="entity.h">
      <Filter>Source Files\ecs\7 interfaces</Filter>
    </ClInclude>
    <ClInclude Include="system.h">
      <Filter>Source Files\ecs\7 interfaces</Filter>
    </ClInclude>
    <ClInclude Include="sys_renderer.h">
      <Filter>Source Files\ecs\6 systems\renderer</Filter>
    </ClInclude>
    <ClInclude Include="pi.h">
      <Filter>Source Files\math\pi</Filter>
    </ClInclude>
    <ClInclude Include="vector2d.h">
      <Filter>Source Files\.lib</Filter>
    </ClInclude>
    <ClInclude Include="engine_render.h">
      <Filter>Source Files\engine</Filter>
    </ClInclude>
    <ClInclude Include="engine_game.h">
      <Filter>Source Files\engine</Filter>
    </ClInclude>
    <ClInclude Include="engine_input.h">
      <Filter>Source Files\engine</Filter>
    </ClInclude>
  </ItemGroup>
</Project>